// !$*UTF8*$!
{
	archiveVersion = 1;
	classes = {
	};
	objectVersion = 50;
	objects = {

/* Begin PBXBuildFile section */
		BA489DFB664ED65B0F9C3A6C /* Pods_PokemonCardCollection.framework in Frameworks */ = {isa = PBXBuildFile; fileRef = AF7D6CC5FDCE895324ABD8ED /* Pods_PokemonCardCollection.framework */; };
		F9EE68222287974600C8566C /* AppDelegate.swift in Sources */ = {isa = PBXBuildFile; fileRef = F9EE68212287974600C8566C /* AppDelegate.swift */; };
		F9EE68272287974600C8566C /* Main.storyboard in Resources */ = {isa = PBXBuildFile; fileRef = F9EE68252287974600C8566C /* Main.storyboard */; };
		F9EE682A2287974600C8566C /* PokemonCardCollection.xcdatamodeld in Sources */ = {isa = PBXBuildFile; fileRef = F9EE68282287974600C8566C /* PokemonCardCollection.xcdatamodeld */; };
		F9EE682C2287974700C8566C /* Assets.xcassets in Resources */ = {isa = PBXBuildFile; fileRef = F9EE682B2287974700C8566C /* Assets.xcassets */; };
		F9EE682F2287974700C8566C /* LaunchScreen.storyboard in Resources */ = {isa = PBXBuildFile; fileRef = F9EE682D2287974700C8566C /* LaunchScreen.storyboard */; };
		F9EE683922879EAD00C8566C /* CardListViewController.swift in Sources */ = {isa = PBXBuildFile; fileRef = F9EE683822879EAD00C8566C /* CardListViewController.swift */; };
		F9EE683F2287E39900C8566C /* SetListViewController.swift in Sources */ = {isa = PBXBuildFile; fileRef = F9EE683E2287E39900C8566C /* SetListViewController.swift */; };
/* End PBXBuildFile section */

/* Begin PBXFileReference section */
		29F2BB20216567FF66E09EE2 /* Pods-PokemonCardCollection.debug.xcconfig */ = {isa = PBXFileReference; includeInIndex = 1; lastKnownFileType = text.xcconfig; name = "Pods-PokemonCardCollection.debug.xcconfig"; path = "Target Support Files/Pods-PokemonCardCollection/Pods-PokemonCardCollection.debug.xcconfig"; sourceTree = "<group>"; };
		81841BCC6D145A732B5C6CA3 /* Pods-PokemonCardCollection.release.xcconfig */ = {isa = PBXFileReference; includeInIndex = 1; lastKnownFileType = text.xcconfig; name = "Pods-PokemonCardCollection.release.xcconfig"; path = "Target Support Files/Pods-PokemonCardCollection/Pods-PokemonCardCollection.release.xcconfig"; sourceTree = "<group>"; };
		AF7D6CC5FDCE895324ABD8ED /* Pods_PokemonCardCollection.framework */ = {isa = PBXFileReference; explicitFileType = wrapper.framework; includeInIndex = 0; path = Pods_PokemonCardCollection.framework; sourceTree = BUILT_PRODUCTS_DIR; };
		F9EE681E2287974600C8566C /* PokemonCardCollection.app */ = {isa = PBXFileReference; explicitFileType = wrapper.application; includeInIndex = 0; path = PokemonCardCollection.app; sourceTree = BUILT_PRODUCTS_DIR; };
		F9EE68212287974600C8566C /* AppDelegate.swift */ = {isa = PBXFileReference; lastKnownFileType = sourcecode.swift; path = AppDelegate.swift; sourceTree = "<group>"; };
		F9EE68262287974600C8566C /* Base */ = {isa = PBXFileReference; lastKnownFileType = file.storyboard; name = Base; path = Base.lproj/Main.storyboard; sourceTree = "<group>"; };
		F9EE68292287974600C8566C /* PokemonCardCollection.xcdatamodel */ = {isa = PBXFileReference; lastKnownFileType = wrapper.xcdatamodel; path = PokemonCardCollection.xcdatamodel; sourceTree = "<group>"; };
		F9EE682B2287974700C8566C /* Assets.xcassets */ = {isa = PBXFileReference; lastKnownFileType = folder.assetcatalog; path = Assets.xcassets; sourceTree = "<group>"; };
		F9EE682E2287974700C8566C /* Base */ = {isa = PBXFileReference; lastKnownFileType = file.storyboard; name = Base; path = Base.lproj/LaunchScreen.storyboard; sourceTree = "<group>"; };
		F9EE68302287974700C8566C /* Info.plist */ = {isa = PBXFileReference; lastKnownFileType = text.plist.xml; path = Info.plist; sourceTree = "<group>"; };
		F9EE683822879EAD00C8566C /* CardListViewController.swift */ = {isa = PBXFileReference; lastKnownFileType = sourcecode.swift; path = CardListViewController.swift; sourceTree = "<group>"; };
		F9EE683E2287E39900C8566C /* SetListViewController.swift */ = {isa = PBXFileReference; lastKnownFileType = sourcecode.swift; path = SetListViewController.swift; sourceTree = "<group>"; };
/* End PBXFileReference section */

/* Begin PBXFrameworksBuildPhase section */
		F9EE681B2287974600C8566C /* Frameworks */ = {
			isa = PBXFrameworksBuildPhase;
			buildActionMask = 2147483647;
			files = (
				BA489DFB664ED65B0F9C3A6C /* Pods_PokemonCardCollection.framework in Frameworks */,
			);
			runOnlyForDeploymentPostprocessing = 0;
		};
/* End PBXFrameworksBuildPhase section */

/* Begin PBXGroup section */
		5C909F7FBE0F90BC1CD2DACE /* Pods */ = {
			isa = PBXGroup;
			children = (
				29F2BB20216567FF66E09EE2 /* Pods-PokemonCardCollection.debug.xcconfig */,
				81841BCC6D145A732B5C6CA3 /* Pods-PokemonCardCollection.release.xcconfig */,
			);
			path = Pods;
			sourceTree = "<group>";
		};
		C7C82E50643FAD7B988308D0 /* Frameworks */ = {
			isa = PBXGroup;
			children = (
				AF7D6CC5FDCE895324ABD8ED /* Pods_PokemonCardCollection.framework */,
			);
			name = Frameworks;
			sourceTree = "<group>";
		};
		F9EE68152287974600C8566C = {
			isa = PBXGroup;
			children = (
				F9EE68202287974600C8566C /* PokemonCardCollection */,
				F9EE681F2287974600C8566C /* Products */,
				5C909F7FBE0F90BC1CD2DACE /* Pods */,
				C7C82E50643FAD7B988308D0 /* Frameworks */,
			);
			sourceTree = "<group>";
		};
		F9EE681F2287974600C8566C /* Products */ = {
			isa = PBXGroup;
			children = (
				F9EE681E2287974600C8566C /* PokemonCardCollection.app */,
			);
			name = Products;
			sourceTree = "<group>";
		};
		F9EE68202287974600C8566C /* PokemonCardCollection */ = {
			isa = PBXGroup;
			children = (
				F9EE68212287974600C8566C /* AppDelegate.swift */,
				F9EE683A2287AB4100C8566C /* Controllers */,
				F9EE683C2287AB6100C8566C /* Data */,
				F9EE683B2287AB5700C8566C /* Views */,
				F9EE683D2287AB7900C8566C /* Supporting Files */,
				F9EE68302287974700C8566C /* Info.plist */,
			);
			path = PokemonCardCollection;
			sourceTree = "<group>";
		};
		F9EE683A2287AB4100C8566C /* Controllers */ = {
			isa = PBXGroup;
			children = (
				F9EE683822879EAD00C8566C /* CardListViewController.swift */,
				F9EE683E2287E39900C8566C /* SetListViewController.swift */,
			);
			path = Controllers;
			sourceTree = "<group>";
		};
		F9EE683B2287AB5700C8566C /* Views */ = {
			isa = PBXGroup;
			children = (
				F9EE68252287974600C8566C /* Main.storyboard */,
			);
			path = Views;
			sourceTree = "<group>";
		};
		F9EE683C2287AB6100C8566C /* Data */ = {
			isa = PBXGroup;
			children = (
				F9EE68282287974600C8566C /* PokemonCardCollection.xcdatamodeld */,
			);
			path = Data;
			sourceTree = "<group>";
		};
		F9EE683D2287AB7900C8566C /* Supporting Files */ = {
			isa = PBXGroup;
			children = (
				F9EE682B2287974700C8566C /* Assets.xcassets */,
				F9EE682D2287974700C8566C /* LaunchScreen.storyboard */,
			);
			path = "Supporting Files";
			sourceTree = "<group>";
		};
/* End PBXGroup section */

/* Begin PBXNativeTarget section */
		F9EE681D2287974600C8566C /* PokemonCardCollection */ = {
			isa = PBXNativeTarget;
			buildConfigurationList = F9EE68332287974700C8566C /* Build configuration list for PBXNativeTarget "PokemonCardCollection" */;
			buildPhases = (
				87288692F9F2F60F71C3AEAD /* [CP] Check Pods Manifest.lock */,
				F9EE681A2287974600C8566C /* Sources */,
				F9EE681B2287974600C8566C /* Frameworks */,
				F9EE681C2287974600C8566C /* Resources */,
				3DD5DCEA9278D372C2256BAC /* [CP] Embed Pods Frameworks */,
			);
			buildRules = (
			);
			dependencies = (
			);
			name = PokemonCardCollection;
			productName = PokemonCardCollection;
			productReference = F9EE681E2287974600C8566C /* PokemonCardCollection.app */;
			productType = "com.apple.product-type.application";
		};
/* End PBXNativeTarget section */

/* Begin PBXProject section */
		F9EE68162287974600C8566C /* Project object */ = {
			isa = PBXProject;
			attributes = {
				LastSwiftUpdateCheck = 1020;
				LastUpgradeCheck = 1020;
				ORGANIZATIONNAME = "LaDonna Handugan";
				TargetAttributes = {
					F9EE681D2287974600C8566C = {
						CreatedOnToolsVersion = 10.2;
					};
				};
			};
			buildConfigurationList = F9EE68192287974600C8566C /* Build configuration list for PBXProject "PokemonCardCollection" */;
			compatibilityVersion = "Xcode 9.3";
			developmentRegion = en;
			hasScannedForEncodings = 0;
			knownRegions = (
				en,
				Base,
			);
			mainGroup = F9EE68152287974600C8566C;
			productRefGroup = F9EE681F2287974600C8566C /* Products */;
			projectDirPath = "";
			projectRoot = "";
			targets = (
				F9EE681D2287974600C8566C /* PokemonCardCollection */,
			);
		};
/* End PBXProject section */

/* Begin PBXResourcesBuildPhase section */
		F9EE681C2287974600C8566C /* Resources */ = {
			isa = PBXResourcesBuildPhase;
			buildActionMask = 2147483647;
			files = (
				F9EE682F2287974700C8566C /* LaunchScreen.storyboard in Resources */,
				F9EE682C2287974700C8566C /* Assets.xcassets in Resources */,
				F9EE68272287974600C8566C /* Main.storyboard in Resources */,
			);
			runOnlyForDeploymentPostprocessing = 0;
		};
/* End PBXResourcesBuildPhase section */

/* Begin PBXShellScriptBuildPhase section */
		3DD5DCEA9278D372C2256BAC /* [CP] Embed Pods Frameworks */ = {
			isa = PBXShellScriptBuildPhase;
			buildActionMask = 2147483647;
			files = (
			);
			inputFileListPaths = (
			);
			inputPaths = (
				"${PODS_ROOT}/Target Support Files/Pods-PokemonCardCollection/Pods-PokemonCardCollection-frameworks.sh",
				"${BUILT_PRODUCTS_DIR}/Alamofire/Alamofire.framework",
				"${BUILT_PRODUCTS_DIR}/SwiftyJSON/SwiftyJSON.framework",
			);
			name = "[CP] Embed Pods Frameworks";
			outputFileListPaths = (
			);
			outputPaths = (
				"${TARGET_BUILD_DIR}/${FRAMEWORKS_FOLDER_PATH}/Alamofire.framework",
				"${TARGET_BUILD_DIR}/${FRAMEWORKS_FOLDER_PATH}/SwiftyJSON.framework",
			);
			runOnlyForDeploymentPostprocessing = 0;
			shellPath = /bin/sh;
			shellScript = "\"${PODS_ROOT}/Target Support Files/Pods-PokemonCardCollection/Pods-PokemonCardCollection-frameworks.sh\"\n";
			showEnvVarsInLog = 0;
		};
		87288692F9F2F60F71C3AEAD /* [CP] Check Pods Manifest.lock */ = {
			isa = PBXShellScriptBuildPhase;
			buildActionMask = 2147483647;
			files = (
			);
			inputFileListPaths = (
			);
			inputPaths = (
				"${PODS_PODFILE_DIR_PATH}/Podfile.lock",
				"${PODS_ROOT}/Manifest.lock",
			);
			name = "[CP] Check Pods Manifest.lock";
			outputFileListPaths = (
			);
			outputPaths = (
				"$(DERIVED_FILE_DIR)/Pods-PokemonCardCollection-checkManifestLockResult.txt",
			);
			runOnlyForDeploymentPostprocessing = 0;
			shellPath = /bin/sh;
			shellScript = "diff \"${PODS_PODFILE_DIR_PATH}/Podfile.lock\" \"${PODS_ROOT}/Manifest.lock\" > /dev/null\nif [ $? != 0 ] ; then\n    # print error to STDERR\n    echo \"error: The sandbox is not in sync with the Podfile.lock. Run 'pod install' or update your CocoaPods installation.\" >&2\n    exit 1\nfi\n# This output is used by Xcode 'outputs' to avoid re-running this script phase.\necho \"SUCCESS\" > \"${SCRIPT_OUTPUT_FILE_0}\"\n";
			showEnvVarsInLog = 0;
		};
/* End PBXShellScriptBuildPhase section */

/* Begin PBXSourcesBuildPhase section */
		F9EE681A2287974600C8566C /* Sources */ = {
			isa = PBXSourcesBuildPhase;
			buildActionMask = 2147483647;
			files = (
				F9EE683922879EAD00C8566C /* CardListViewController.swift in Sources */,
				F9EE683F2287E39900C8566C /* SetListViewController.swift in Sources */,
				F9EE682A2287974600C8566C /* PokemonCardCollection.xcdatamodeld in Sources */,
				F9EE68222287974600C8566C /* AppDelegate.swift in Sources */,
			);
			runOnlyForDeploymentPostprocessing = 0;
		};
/* End PBXSourcesBuildPhase section */

/* Begin PBXVariantGroup section */
		F9EE68252287974600C8566C /* Main.storyboard */ = {
			isa = PBXVariantGroup;
			children = (
				F9EE68262287974600C8566C /* Base */,
			);
			name = Main.storyboard;
			sourceTree = "<group>";
		};
		F9EE682D2287974700C8566C /* LaunchScreen.storyboard */ = {
			isa = PBXVariantGroup;
			children = (
				F9EE682E2287974700C8566C /* Base */,
			);
			name = LaunchScreen.storyboard;
			sourceTree = "<group>";
		};
/* End PBXVariantGroup section */

/* Begin XCBuildConfiguration section */
		F9EE68312287974700C8566C /* Debug */ = {
			isa = XCBuildConfiguration;
			buildSettings = {
				ALWAYS_SEARCH_USER_PATHS = NO;
				CLANG_ANALYZER_NONNULL = YES;
				CLANG_ANALYZER_NUMBER_OBJECT_CONVERSION = YES_AGGRESSIVE;
				CLANG_CXX_LANGUAGE_STANDARD = "gnu++14";
				CLANG_CXX_LIBRARY = "libc++";
				CLANG_ENABLE_MODULES = YES;
				CLANG_ENABLE_OBJC_ARC = YES;
				CLANG_ENABLE_OBJC_WEAK = YES;
				CLANG_WARN_BLOCK_CAPTURE_AUTORELEASING = YES;
				CLANG_WARN_BOOL_CONVERSION = YES;
				CLANG_WARN_COMMA = YES;
				CLANG_WARN_CONSTANT_CONVERSION = YES;
				CLANG_WARN_DEPRECATED_OBJC_IMPLEMENTATIONS = YES;
				CLANG_WARN_DIRECT_OBJC_ISA_USAGE = YES_ERROR;
				CLANG_WARN_DOCUMENTATION_COMMENTS = YES;
				CLANG_WARN_EMPTY_BODY = YES;
				CLANG_WARN_ENUM_CONVERSION = YES;
				CLANG_WARN_INFINITE_RECURSION = YES;
				CLANG_WARN_INT_CONVERSION = YES;
				CLANG_WARN_NON_LITERAL_NULL_CONVERSION = YES;
				CLANG_WARN_OBJC_IMPLICIT_RETAIN_SELF = YES;
				CLANG_WARN_OBJC_LITERAL_CONVERSION = YES;
				CLANG_WARN_OBJC_ROOT_CLASS = YES_ERROR;
				CLANG_WARN_RANGE_LOOP_ANALYSIS = YES;
				CLANG_WARN_STRICT_PROTOTYPES = YES;
				CLANG_WARN_SUSPICIOUS_MOVE = YES;
				CLANG_WARN_UNGUARDED_AVAILABILITY = YES_AGGRESSIVE;
				CLANG_WARN_UNREACHABLE_CODE = YES;
				CLANG_WARN__DUPLICATE_METHOD_MATCH = YES;
				CODE_SIGN_IDENTITY = "iPhone Developer";
				COPY_PHASE_STRIP = NO;
				DEBUG_INFORMATION_FORMAT = dwarf;
				ENABLE_STRICT_OBJC_MSGSEND = YES;
				ENABLE_TESTABILITY = YES;
				GCC_C_LANGUAGE_STANDARD = gnu11;
				GCC_DYNAMIC_NO_PIC = NO;
				GCC_NO_COMMON_BLOCKS = YES;
				GCC_OPTIMIZATION_LEVEL = 0;
				GCC_PREPROCESSOR_DEFINITIONS = (
					"DEBUG=1",
					"$(inherited)",
				);
				GCC_WARN_64_TO_32_BIT_CONVERSION = YES;
				GCC_WARN_ABOUT_RETURN_TYPE = YES_ERROR;
				GCC_WARN_UNDECLARED_SELECTOR = YES;
				GCC_WARN_UNINITIALIZED_AUTOS = YES_AGGRESSIVE;
				GCC_WARN_UNUSED_FUNCTION = YES;
				GCC_WARN_UNUSED_VARIABLE = YES;
				IPHONEOS_DEPLOYMENT_TARGET = 12.2;
				MTL_ENABLE_DEBUG_INFO = INCLUDE_SOURCE;
				MTL_FAST_MATH = YES;
				ONLY_ACTIVE_ARCH = YES;
				SDKROOT = iphoneos;
				SWIFT_ACTIVE_COMPILATION_CONDITIONS = DEBUG;
				SWIFT_OPTIMIZATION_LEVEL = "-Onone";
			};
			name = Debug;
		};
		F9EE68322287974700C8566C /* Release */ = {
			isa = XCBuildConfiguration;
			buildSettings = {
				ALWAYS_SEARCH_USER_PATHS = NO;
				CLANG_ANALYZER_NONNULL = YES;
				CLANG_ANALYZER_NUMBER_OBJECT_CONVERSION = YES_AGGRESSIVE;
				CLANG_CXX_LANGUAGE_STANDARD = "gnu++14";
				CLANG_CXX_LIBRARY = "libc++";
				CLANG_ENABLE_MODULES = YES;
				CLANG_ENABLE_OBJC_ARC = YES;
				CLANG_ENABLE_OBJC_WEAK = YES;
				CLANG_WARN_BLOCK_CAPTURE_AUTORELEASING = YES;
				CLANG_WARN_BOOL_CONVERSION = YES;
				CLANG_WARN_COMMA = YES;
				CLANG_WARN_CONSTANT_CONVERSION = YES;
				CLANG_WARN_DEPRECATED_OBJC_IMPLEMENTATIONS = YES;
				CLANG_WARN_DIRECT_OBJC_ISA_USAGE = YES_ERROR;
				CLANG_WARN_DOCUMENTATION_COMMENTS = YES;
				CLANG_WARN_EMPTY_BODY = YES;
				CLANG_WARN_ENUM_CONVERSION = YES;
				CLANG_WARN_INFINITE_RECURSION = YES;
				CLANG_WARN_INT_CONVERSION = YES;
				CLANG_WARN_NON_LITERAL_NULL_CONVERSION = YES;
				CLANG_WARN_OBJC_IMPLICIT_RETAIN_SELF = YES;
				CLANG_WARN_OBJC_LITERAL_CONVERSION = YES;
				CLANG_WARN_OBJC_ROOT_CLASS = YES_ERROR;
				CLANG_WARN_RANGE_LOOP_ANALYSIS = YES;
				CLANG_WARN_STRICT_PROTOTYPES = YES;
				CLANG_WARN_SUSPICIOUS_MOVE = YES;
				CLANG_WARN_UNGUARDED_AVAILABILITY = YES_AGGRESSIVE;
				CLANG_WARN_UNREACHABLE_CODE = YES;
				CLANG_WARN__DUPLICATE_METHOD_MATCH = YES;
				CODE_SIGN_IDENTITY = "iPhone Developer";
				COPY_PHASE_STRIP = NO;
				DEBUG_INFORMATION_FORMAT = "dwarf-with-dsym";
				ENABLE_NS_ASSERTIONS = NO;
				ENABLE_STRICT_OBJC_MSGSEND = YES;
				GCC_C_LANGUAGE_STANDARD = gnu11;
				GCC_NO_COMMON_BLOCKS = YES;
				GCC_WARN_64_TO_32_BIT_CONVERSION = YES;
				GCC_WARN_ABOUT_RETURN_TYPE = YES_ERROR;
				GCC_WARN_UNDECLARED_SELECTOR = YES;
				GCC_WARN_UNINITIALIZED_AUTOS = YES_AGGRESSIVE;
				GCC_WARN_UNUSED_FUNCTION = YES;
				GCC_WARN_UNUSED_VARIABLE = YES;
				IPHONEOS_DEPLOYMENT_TARGET = 12.2;
				MTL_ENABLE_DEBUG_INFO = NO;
				MTL_FAST_MATH = YES;
				SDKROOT = iphoneos;
				SWIFT_COMPILATION_MODE = wholemodule;
				SWIFT_OPTIMIZATION_LEVEL = "-O";
				VALIDATE_PRODUCT = YES;
			};
			name = Release;
		};
		F9EE68342287974700C8566C /* Debug */ = {
			isa = XCBuildConfiguration;
			baseConfigurationReference = 29F2BB20216567FF66E09EE2 /* Pods-PokemonCardCollection.debug.xcconfig */;
			buildSettings = {
				ASSETCATALOG_COMPILER_APPICON_NAME = AppIcon;
				CODE_SIGN_STYLE = Automatic;
				DEVELOPMENT_TEAM = V8GTDPUKDT;
				INFOPLIST_FILE = PokemonCardCollection/Info.plist;
				LD_RUNPATH_SEARCH_PATHS = (
					"$(inherited)",
					"@executable_path/Frameworks",
				);
				PRODUCT_BUNDLE_IDENTIFIER = com.ladonnahandugan.PokemonCardCollection;
				PRODUCT_NAME = "$(TARGET_NAME)";
				SWIFT_VERSION = 5.0;
				TARGETED_DEVICE_FAMILY = "1,2";
			};
			name = Debug;
		};
		F9EE68352287974700C8566C /* Release */ = {
			isa = XCBuildConfiguration;
			baseConfigurationReference = 81841BCC6D145A732B5C6CA3 /* Pods-PokemonCardCollection.release.xcconfig */;
			buildSettings = {
				ASSETCATALOG_COMPILER_APPICON_NAME = AppIcon;
				CODE_SIGN_STYLE = Automatic;
				DEVELOPMENT_TEAM = V8GTDPUKDT;
				INFOPLIST_FILE = PokemonCardCollection/Info.plist;
				LD_RUNPATH_SEARCH_PATHS = (
					"$(inherited)",
					"@executable_path/Frameworks",
				);
				PRODUCT_BUNDLE_IDENTIFIER = com.ladonnahandugan.PokemonCardCollection;
				PRODUCT_NAME = "$(TARGET_NAME)";
				SWIFT_VERSION = 5.0;
				TARGETED_DEVICE_FAMILY = "1,2";
			};
			name = Release;
		};
/* End XCBuildConfiguration section */

/* Begin XCConfigurationList section */
		F9EE68192287974600C8566C /* Build configuration list for PBXProject "PokemonCardCollection" */ = {
			isa = XCConfigurationList;
			buildConfigurations = (
				F9EE68312287974700C8566C /* Debug */,
				F9EE68322287974700C8566C /* Release */,
			);
			defaultConfigurationIsVisible = 0;
			defaultConfigurationName = Release;
		};
		F9EE68332287974700C8566C /* Build configuration list for PBXNativeTarget "PokemonCardCollection" */ = {
			isa = XCConfigurationList;
			buildConfigurations = (
				F9EE68342287974700C8566C /* Debug */,
				F9EE68352287974700C8566C /* Release */,
			);
			defaultConfigurationIsVisible = 0;
			defaultConfigurationName = Release;
		};
/* End XCConfigurationList section */

/* Begin XCVersionGroup section */
		F9EE68282287974600C8566C /* PokemonCardCollection.xcdatamodeld */ = {
			isa = XCVersionGroup;
			children = (
				F9EE68292287974600C8566C /* PokemonCardCollection.xcdatamodel */,
			);
			currentVersion = F9EE68292287974600C8566C /* PokemonCardCollection.xcdatamodel */;
			path = PokemonCardCollection.xcdatamodeld;
			sourceTree = "<group>";
			versionGroupType = wrapper.xcdatamodel;
		};
/* End XCVersionGroup section */
	};
	rootObject = F9EE68162287974600C8566C /* Project object */;
}
